{
  "name": "workspace",
  "version": "1.0.0",
  "lockfileVersion": 3,
  "requires": true,
  "packages": {
    "": {
      "name": "workspace",
      "version": "1.0.0",
      "license": "ISC",
      "dependencies": {
        "imgbb-uploader": "^1.5.1"
      }
    },
    "node_modules/imgbb-uploader": {
      "version": "1.5.1",
      "resolved": "https://registry.npmjs.org/imgbb-uploader/-/imgbb-uploader-1.5.1.tgz",
      "integrity": "sha512-hGfnJ0KvFZ+GMG8xBIxjpbbhuSjhURmMeAwbWZgl2X/84sLIhbtlfKBztAWqK2YU5kkiGGQWgf2fCM4hjttT4g==",
      "license": "SEE LICENSE IN TARGARYEN_UNLICENSE",
      "engines": {
        "node": ">=8.3.0"
      }
    }
  }
}
